
Microsoft Visual Studio Solution File, Format Version 12.00
# Visual Studio Version 17
VisualStudioVersion = 17.4.33213.308
MinimumVisualStudioVersion = 10.0.40219.1
Project("{FAE04EC0-301F-11D3-BF4B-00C04F79EFBC}") = "avocadoria_project_2", "avocadoria_project_2\avocadoria_project_2.csproj", "{4FD3378C-9A86-4C6E-A064-A50BED9160ED}"
EndProject
Global
	GlobalSection(SolutionConfigurationPlatforms) = preSolution
		Debug|Any CPU = Debug|Any CPU
		Release|Any CPU = Release|Any CPU
	EndGlobalSection
	GlobalSection(ProjectConfigurationPlatforms) = postSolution
		{4FD3378C-9A86-4C6E-A064-A50BED9160ED}.Debug|Any CPU.ActiveCfg = Debug|Any CPU
		{4FD3378C-9A86-4C6E-A064-A50BED9160ED}.Debug|Any CPU.Build.0 = Debug|Any CPU
		{4FD3378C-9A86-4C6E-A064-A50BED9160ED}.Release|Any CPU.ActiveCfg = Release|Any CPU
		{4FD3378C-9A86-4C6E-A064-A50BED9160ED}.Release|Any CPU.Build.0 = Release|Any CPU
	EndGlobalSection
	GlobalSection(SolutionProperties) = preSolution
		HideSolutionNode = FALSE
	EndGlobalSection
	GlobalSection(ExtensibilityGlobals) = postSolution
		SolutionGuid = {8F17B7BC-F20E-4973-923F-98DCC96AB639}
	EndGlobalSection
EndGlobal
